// !$*UTF8*$!
{
	archiveVersion = 1;
	classes = {
	};
	objectVersion = 55;
	objects = {

/* Begin PBXBuildFile section */
		D016FE08289BF1AD001DA065 /* VKClientApp.swift in Sources */ = {isa = PBXBuildFile; fileRef = D016FE07289BF1AD001DA065 /* VKClientApp.swift */; };
		D016FE0A289BF1AD001DA065 /* ContentView.swift in Sources */ = {isa = PBXBuildFile; fileRef = D016FE09289BF1AD001DA065 /* ContentView.swift */; };
		D016FE0C289BF1AE001DA065 /* Assets.xcassets in Resources */ = {isa = PBXBuildFile; fileRef = D016FE0B289BF1AE001DA065 /* Assets.xcassets */; };
		D016FE0F289BF1AE001DA065 /* Preview Assets.xcassets in Resources */ = {isa = PBXBuildFile; fileRef = D016FE0E289BF1AE001DA065 /* Preview Assets.xcassets */; };
		D016FE1F289BF3E5001DA065 /* CombineMoya in Frameworks */ = {isa = PBXBuildFile; productRef = D016FE1E289BF3E5001DA065 /* CombineMoya */; };
		D016FE21289BF3E5001DA065 /* Moya in Frameworks */ = {isa = PBXBuildFile; productRef = D016FE20289BF3E5001DA065 /* Moya */; };
		D016FE24289BF496001DA065 /* CombineExt in Frameworks */ = {isa = PBXBuildFile; productRef = D016FE23289BF496001DA065 /* CombineExt */; };
		D016FE2E289BF596001DA065 /* Consts.swift in Sources */ = {isa = PBXBuildFile; fileRef = D016FE2D289BF596001DA065 /* Consts.swift */; };
		D05E65A228A05E1500A9FB6E /* Provider.swift in Sources */ = {isa = PBXBuildFile; fileRef = D05E65A128A05E1500A9FB6E /* Provider.swift */; };
		D05E65A528A05EA600A9FB6E /* RepresentableWebView.swift in Sources */ = {isa = PBXBuildFile; fileRef = D05E65A428A05EA600A9FB6E /* RepresentableWebView.swift */; };
		D05E65A828A05F4700A9FB6E /* LocalStorage.swift in Sources */ = {isa = PBXBuildFile; fileRef = D05E65A728A05F4700A9FB6E /* LocalStorage.swift */; };
		D05E65AF28A0620E00A9FB6E /* FriendListViewModel.swift in Sources */ = {isa = PBXBuildFile; fileRef = D05E65AE28A0620E00A9FB6E /* FriendListViewModel.swift */; };
		D05E65B128A0621A00A9FB6E /* FriendListView.swift in Sources */ = {isa = PBXBuildFile; fileRef = D05E65B028A0621A00A9FB6E /* FriendListView.swift */; };
		D05E65B428A067EE00A9FB6E /* WkWebViewExtension.swift in Sources */ = {isa = PBXBuildFile; fileRef = D05E65B328A067EE00A9FB6E /* WkWebViewExtension.swift */; };
		D05E65B628A06BE200A9FB6E /* CustomUrlError.swift in Sources */ = {isa = PBXBuildFile; fileRef = D05E65B528A06BE200A9FB6E /* CustomUrlError.swift */; };
		D05E65B928A1A71300A9FB6E /* URLExtension.swift in Sources */ = {isa = PBXBuildFile; fileRef = D05E65B828A1A71300A9FB6E /* URLExtension.swift */; };
		D05E65BC28A1A80300A9FB6E /* AuthWebViewModel.swift in Sources */ = {isa = PBXBuildFile; fileRef = D05E65BB28A1A80300A9FB6E /* AuthWebViewModel.swift */; };
		D05E65BE28A1A80E00A9FB6E /* AuthWebView.swift in Sources */ = {isa = PBXBuildFile; fileRef = D05E65BD28A1A80E00A9FB6E /* AuthWebView.swift */; };
		D09FEE7528A1B04A0042B078 /* FriendServerModel.swift in Sources */ = {isa = PBXBuildFile; fileRef = D09FEE7428A1B04A0042B078 /* FriendServerModel.swift */; };
		D09FEE7828A1B0600042B078 /* FriendModel.swift in Sources */ = {isa = PBXBuildFile; fileRef = D09FEE7728A1B0600042B078 /* FriendModel.swift */; };
		D09FEE7A28A1B3150042B078 /* FriendApi.swift in Sources */ = {isa = PBXBuildFile; fileRef = D09FEE7928A1B3150042B078 /* FriendApi.swift */; };
		D09FEE7C28A1B3300042B078 /* FriendApiService.swift in Sources */ = {isa = PBXBuildFile; fileRef = D09FEE7B28A1B3300042B078 /* FriendApiService.swift */; };
		D09FEE7E28A1B79C0042B078 /* APIError.swift in Sources */ = {isa = PBXBuildFile; fileRef = D09FEE7D28A1B79C0042B078 /* APIError.swift */; };
		D09FEE8128A1BA6C0042B078 /* FriendMapper.swift in Sources */ = {isa = PBXBuildFile; fileRef = D09FEE8028A1BA6C0042B078 /* FriendMapper.swift */; };
		D09FEE8328A1BB8E0042B078 /* BaseModelMapper.swift in Sources */ = {isa = PBXBuildFile; fileRef = D09FEE8228A1BB8E0042B078 /* BaseModelMapper.swift */; };
		D0A8DEC928A1C3FF00E591A3 /* FriendCellView.swift in Sources */ = {isa = PBXBuildFile; fileRef = D0A8DEC828A1C3FF00E591A3 /* FriendCellView.swift */; };
/* End PBXBuildFile section */

/* Begin PBXFileReference section */
		D016FE04289BF1AD001DA065 /* VKClient.app */ = {isa = PBXFileReference; explicitFileType = wrapper.application; includeInIndex = 0; path = VKClient.app; sourceTree = BUILT_PRODUCTS_DIR; };
		D016FE07289BF1AD001DA065 /* VKClientApp.swift */ = {isa = PBXFileReference; lastKnownFileType = sourcecode.swift; path = VKClientApp.swift; sourceTree = "<group>"; };
		D016FE09289BF1AD001DA065 /* ContentView.swift */ = {isa = PBXFileReference; lastKnownFileType = sourcecode.swift; path = ContentView.swift; sourceTree = "<group>"; };
		D016FE0B289BF1AE001DA065 /* Assets.xcassets */ = {isa = PBXFileReference; lastKnownFileType = folder.assetcatalog; path = Assets.xcassets; sourceTree = "<group>"; };
		D016FE0E289BF1AE001DA065 /* Preview Assets.xcassets */ = {isa = PBXFileReference; lastKnownFileType = folder.assetcatalog; path = "Preview Assets.xcassets"; sourceTree = "<group>"; };
		D016FE2D289BF596001DA065 /* Consts.swift */ = {isa = PBXFileReference; lastKnownFileType = sourcecode.swift; path = Consts.swift; sourceTree = "<group>"; };
		D05E65A128A05E1500A9FB6E /* Provider.swift */ = {isa = PBXFileReference; lastKnownFileType = sourcecode.swift; path = Provider.swift; sourceTree = "<group>"; };
		D05E65A428A05EA600A9FB6E /* RepresentableWebView.swift */ = {isa = PBXFileReference; lastKnownFileType = sourcecode.swift; path = RepresentableWebView.swift; sourceTree = "<group>"; };
		D05E65A728A05F4700A9FB6E /* LocalStorage.swift */ = {isa = PBXFileReference; lastKnownFileType = sourcecode.swift; path = LocalStorage.swift; sourceTree = "<group>"; };
		D05E65AE28A0620E00A9FB6E /* FriendListViewModel.swift */ = {isa = PBXFileReference; lastKnownFileType = sourcecode.swift; path = FriendListViewModel.swift; sourceTree = "<group>"; };
		D05E65B028A0621A00A9FB6E /* FriendListView.swift */ = {isa = PBXFileReference; lastKnownFileType = sourcecode.swift; path = FriendListView.swift; sourceTree = "<group>"; };
		D05E65B328A067EE00A9FB6E /* WkWebViewExtension.swift */ = {isa = PBXFileReference; lastKnownFileType = sourcecode.swift; path = WkWebViewExtension.swift; sourceTree = "<group>"; };
		D05E65B528A06BE200A9FB6E /* CustomUrlError.swift */ = {isa = PBXFileReference; lastKnownFileType = sourcecode.swift; path = CustomUrlError.swift; sourceTree = "<group>"; };
		D05E65B828A1A71300A9FB6E /* URLExtension.swift */ = {isa = PBXFileReference; lastKnownFileType = sourcecode.swift; path = URLExtension.swift; sourceTree = "<group>"; };
		D05E65BB28A1A80300A9FB6E /* AuthWebViewModel.swift */ = {isa = PBXFileReference; lastKnownFileType = sourcecode.swift; path = AuthWebViewModel.swift; sourceTree = "<group>"; };
		D05E65BD28A1A80E00A9FB6E /* AuthWebView.swift */ = {isa = PBXFileReference; lastKnownFileType = sourcecode.swift; path = AuthWebView.swift; sourceTree = "<group>"; };
		D09FEE7428A1B04A0042B078 /* FriendServerModel.swift */ = {isa = PBXFileReference; lastKnownFileType = sourcecode.swift; path = FriendServerModel.swift; sourceTree = "<group>"; };
		D09FEE7728A1B0600042B078 /* FriendModel.swift */ = {isa = PBXFileReference; lastKnownFileType = sourcecode.swift; path = FriendModel.swift; sourceTree = "<group>"; };
		D09FEE7928A1B3150042B078 /* FriendApi.swift */ = {isa = PBXFileReference; lastKnownFileType = sourcecode.swift; path = FriendApi.swift; sourceTree = "<group>"; };
		D09FEE7B28A1B3300042B078 /* FriendApiService.swift */ = {isa = PBXFileReference; lastKnownFileType = sourcecode.swift; path = FriendApiService.swift; sourceTree = "<group>"; };
		D09FEE7D28A1B79C0042B078 /* APIError.swift */ = {isa = PBXFileReference; lastKnownFileType = sourcecode.swift; path = APIError.swift; sourceTree = "<group>"; };
		D09FEE8028A1BA6C0042B078 /* FriendMapper.swift */ = {isa = PBXFileReference; lastKnownFileType = sourcecode.swift; path = FriendMapper.swift; sourceTree = "<group>"; };
		D09FEE8228A1BB8E0042B078 /* BaseModelMapper.swift */ = {isa = PBXFileReference; lastKnownFileType = sourcecode.swift; path = BaseModelMapper.swift; sourceTree = "<group>"; };
		D0A8DEC828A1C3FF00E591A3 /* FriendCellView.swift */ = {isa = PBXFileReference; lastKnownFileType = sourcecode.swift; path = FriendCellView.swift; sourceTree = "<group>"; };
/* End PBXFileReference section */

/* Begin PBXFrameworksBuildPhase section */
		D016FE01289BF1AD001DA065 /* Frameworks */ = {
			isa = PBXFrameworksBuildPhase;
			buildActionMask = 2147483647;
			files = (
				D016FE21289BF3E5001DA065 /* Moya in Frameworks */,
				D016FE24289BF496001DA065 /* CombineExt in Frameworks */,
				D016FE1F289BF3E5001DA065 /* CombineMoya in Frameworks */,
			);
			runOnlyForDeploymentPostprocessing = 0;
		};
/* End PBXFrameworksBuildPhase section */

/* Begin PBXGroup section */
		D016FDFB289BF1AD001DA065 = {
			isa = PBXGroup;
			children = (
				D016FE06289BF1AD001DA065 /* VKClient */,
				D016FE05289BF1AD001DA065 /* Products */,
			);
			sourceTree = "<group>";
		};
		D016FE05289BF1AD001DA065 /* Products */ = {
			isa = PBXGroup;
			children = (
				D016FE04289BF1AD001DA065 /* VKClient.app */,
			);
			name = Products;
			sourceTree = "<group>";
		};
		D016FE06289BF1AD001DA065 /* VKClient */ = {
			isa = PBXGroup;
			children = (
				D0A8DECA28A2FF6100E591A3 /* App */,
				D01FC2A728A1BD8E003F644B /* Resources */,
				D016FE15289BF1BA001DA065 /* Models */,
				D016FE16289BF1CC001DA065 /* Services */,
				D016FE19289BF230001DA065 /* Modules */,
				D016FE1B289BF268001DA065 /* Helpers */,
				D016FE1C289BF277001DA065 /* Components */,
				D016FE09289BF1AD001DA065 /* ContentView.swift */,
				D016FE0D289BF1AE001DA065 /* Preview Content */,
			);
			path = VKClient;
			sourceTree = "<group>";
		};
		D016FE0D289BF1AE001DA065 /* Preview Content */ = {
			isa = PBXGroup;
			children = (
				D016FE0E289BF1AE001DA065 /* Preview Assets.xcassets */,
			);
			path = "Preview Content";
			sourceTree = "<group>";
		};
		D016FE15289BF1BA001DA065 /* Models */ = {
			isa = PBXGroup;
			children = (
				D09FEE7F28A1BA590042B078 /* Mappers */,
				D09FEE7628A1B0500042B078 /* LocalModels */,
				D016FE18289BF20F001DA065 /* ServerModels */,
			);
			path = Models;
			sourceTree = "<group>";
		};
		D016FE16289BF1CC001DA065 /* Services */ = {
			isa = PBXGroup;
			children = (
				D05E65A628A05F3100A9FB6E /* Storage */,
				D05E659E28A05DD900A9FB6E /* API */,
			);
			path = Services;
			sourceTree = "<group>";
		};
		D016FE18289BF20F001DA065 /* ServerModels */ = {
			isa = PBXGroup;
			children = (
				D09FEE7428A1B04A0042B078 /* FriendServerModel.swift */,
			);
			path = ServerModels;
			sourceTree = "<group>";
		};
		D016FE19289BF230001DA065 /* Modules */ = {
			isa = PBXGroup;
			children = (
				D05E65BA28A1A7EC00A9FB6E /* AuthWebView */,
				D016FE1A289BF241001DA065 /* FriendListView */,
			);
			path = Modules;
			sourceTree = "<group>";
		};
		D016FE1A289BF241001DA065 /* FriendListView */ = {
			isa = PBXGroup;
			children = (
				D0A8DEC528A1C3D100E591A3 /* FriendCell */,
				D05E65AE28A0620E00A9FB6E /* FriendListViewModel.swift */,
				D05E65B028A0621A00A9FB6E /* FriendListView.swift */,
			);
			path = FriendListView;
			sourceTree = "<group>";
		};
		D016FE1B289BF268001DA065 /* Helpers */ = {
			isa = PBXGroup;
			children = (
				D05E65B228A067CE00A9FB6E /* Extensions */,
				D016FE2D289BF596001DA065 /* Consts.swift */,
			);
			path = Helpers;
			sourceTree = "<group>";
		};
		D016FE1C289BF277001DA065 /* Components */ = {
			isa = PBXGroup;
			children = (
				D05E65A328A05E9000A9FB6E /* WebView */,
			);
			path = Components;
			sourceTree = "<group>";
		};
		D01FC2A728A1BD8E003F644B /* Resources */ = {
			isa = PBXGroup;
			children = (
				D016FE0B289BF1AE001DA065 /* Assets.xcassets */,
			);
			path = Resources;
			sourceTree = "<group>";
		};
		D05E659E28A05DD900A9FB6E /* API */ = {
			isa = PBXGroup;
			children = (
				D05E65A028A05DFD00A9FB6E /* Error */,
				D05E659F28A05DE700A9FB6E /* FriendService */,
				D05E65A128A05E1500A9FB6E /* Provider.swift */,
			);
			path = API;
			sourceTree = "<group>";
		};
		D05E659F28A05DE700A9FB6E /* FriendService */ = {
			isa = PBXGroup;
			children = (
				D09FEE7928A1B3150042B078 /* FriendApi.swift */,
				D09FEE7B28A1B3300042B078 /* FriendApiService.swift */,
			);
			path = FriendService;
			sourceTree = "<group>";
		};
		D05E65A028A05DFD00A9FB6E /* Error */ = {
			isa = PBXGroup;
			children = (
				D05E65B528A06BE200A9FB6E /* CustomUrlError.swift */,
				D09FEE7D28A1B79C0042B078 /* APIError.swift */,
			);
			path = Error;
			sourceTree = "<group>";
		};
		D05E65A328A05E9000A9FB6E /* WebView */ = {
			isa = PBXGroup;
			children = (
				D05E65A428A05EA600A9FB6E /* RepresentableWebView.swift */,
			);
			path = WebView;
			sourceTree = "<group>";
		};
		D05E65A628A05F3100A9FB6E /* Storage */ = {
			isa = PBXGroup;
			children = (
				D05E65A728A05F4700A9FB6E /* LocalStorage.swift */,
			);
			path = Storage;
			sourceTree = "<group>";
		};
		D05E65B228A067CE00A9FB6E /* Extensions */ = {
			isa = PBXGroup;
			children = (
				D05E65B328A067EE00A9FB6E /* WkWebViewExtension.swift */,
				D05E65B828A1A71300A9FB6E /* URLExtension.swift */,
			);
			path = Extensions;
			sourceTree = "<group>";
		};
		D05E65BA28A1A7EC00A9FB6E /* AuthWebView */ = {
			isa = PBXGroup;
			children = (
				D05E65BB28A1A80300A9FB6E /* AuthWebViewModel.swift */,
				D05E65BD28A1A80E00A9FB6E /* AuthWebView.swift */,
			);
			path = AuthWebView;
			sourceTree = "<group>";
		};
		D09FEE7628A1B0500042B078 /* LocalModels */ = {
			isa = PBXGroup;
			children = (
				D09FEE7728A1B0600042B078 /* FriendModel.swift */,
			);
			path = LocalModels;
			sourceTree = "<group>";
		};
		D09FEE7F28A1BA590042B078 /* Mappers */ = {
			isa = PBXGroup;
			children = (
				D09FEE8028A1BA6C0042B078 /* FriendMapper.swift */,
				D09FEE8228A1BB8E0042B078 /* BaseModelMapper.swift */,
			);
			path = Mappers;
			sourceTree = "<group>";
		};
		D0A8DEC528A1C3D100E591A3 /* FriendCell */ = {
			isa = PBXGroup;
			children = (
				D0A8DEC828A1C3FF00E591A3 /* FriendCellView.swift */,
			);
			path = FriendCell;
			sourceTree = "<group>";
		};
		D0A8DECA28A2FF6100E591A3 /* App */ = {
			isa = PBXGroup;
			children = (
				D016FE07289BF1AD001DA065 /* VKClientApp.swift */,
			);
			path = App;
			sourceTree = "<group>";
		};
/* End PBXGroup section */

/* Begin PBXNativeTarget section */
		D016FE03289BF1AD001DA065 /* VKClient */ = {
			isa = PBXNativeTarget;
			buildConfigurationList = D016FE12289BF1AE001DA065 /* Build configuration list for PBXNativeTarget "VKClient" */;
			buildPhases = (
				D016FE00289BF1AD001DA065 /* Sources */,
				D016FE01289BF1AD001DA065 /* Frameworks */,
				D016FE02289BF1AD001DA065 /* Resources */,
			);
			buildRules = (
			);
			dependencies = (
			);
			name = VKClient;
			packageProductDependencies = (
				D016FE1E289BF3E5001DA065 /* CombineMoya */,
				D016FE20289BF3E5001DA065 /* Moya */,
				D016FE23289BF496001DA065 /* CombineExt */,
			);
			productName = VKClient;
			productReference = D016FE04289BF1AD001DA065 /* VKClient.app */;
			productType = "com.apple.product-type.application";
		};
/* End PBXNativeTarget section */

/* Begin PBXProject section */
		D016FDFC289BF1AD001DA065 /* Project object */ = {
			isa = PBXProject;
			attributes = {
				BuildIndependentTargetsInParallel = 1;
				LastSwiftUpdateCheck = 1320;
				LastUpgradeCheck = 1320;
				TargetAttributes = {
					D016FE03289BF1AD001DA065 = {
						CreatedOnToolsVersion = 13.2;
					};
				};
			};
			buildConfigurationList = D016FDFF289BF1AD001DA065 /* Build configuration list for PBXProject "VKClient" */;
			compatibilityVersion = "Xcode 13.0";
			developmentRegion = en;
			hasScannedForEncodings = 0;
			knownRegions = (
				en,
				Base,
			);
			mainGroup = D016FDFB289BF1AD001DA065;
			packageReferences = (
				D016FE1D289BF3E5001DA065 /* XCRemoteSwiftPackageReference "Moya" */,
				D016FE22289BF496001DA065 /* XCRemoteSwiftPackageReference "CombineExt" */,
			);
			productRefGroup = D016FE05289BF1AD001DA065 /* Products */;
			projectDirPath = "";
			projectRoot = "";
			targets = (
				D016FE03289BF1AD001DA065 /* VKClient */,
			);
		};
/* End PBXProject section */

/* Begin PBXResourcesBuildPhase section */
		D016FE02289BF1AD001DA065 /* Resources */ = {
			isa = PBXResourcesBuildPhase;
			buildActionMask = 2147483647;
			files = (
				D016FE0F289BF1AE001DA065 /* Preview Assets.xcassets in Resources */,
				D016FE0C289BF1AE001DA065 /* Assets.xcassets in Resources */,
			);
			runOnlyForDeploymentPostprocessing = 0;
		};
/* End PBXResourcesBuildPhase section */

/* Begin PBXSourcesBuildPhase section */
		D016FE00289BF1AD001DA065 /* Sources */ = {
			isa = PBXSourcesBuildPhase;
			buildActionMask = 2147483647;
			files = (
				D05E65B928A1A71300A9FB6E /* URLExtension.swift in Sources */,
				D09FEE8328A1BB8E0042B078 /* BaseModelMapper.swift in Sources */,
				D09FEE7528A1B04A0042B078 /* FriendServerModel.swift in Sources */,
				D05E65BC28A1A80300A9FB6E /* AuthWebViewModel.swift in Sources */,
				D05E65A228A05E1500A9FB6E /* Provider.swift in Sources */,
				D05E65BE28A1A80E00A9FB6E /* AuthWebView.swift in Sources */,
				D016FE0A289BF1AD001DA065 /* ContentView.swift in Sources */,
				D05E65A528A05EA600A9FB6E /* RepresentableWebView.swift in Sources */,
				D05E65AF28A0620E00A9FB6E /* FriendListViewModel.swift in Sources */,
				D05E65A828A05F4700A9FB6E /* LocalStorage.swift in Sources */,
				D0A8DEC928A1C3FF00E591A3 /* FriendCellView.swift in Sources */,
				D016FE2E289BF596001DA065 /* Consts.swift in Sources */,
				D09FEE7C28A1B3300042B078 /* FriendApiService.swift in Sources */,
				D09FEE7828A1B0600042B078 /* FriendModel.swift in Sources */,
				D05E65B128A0621A00A9FB6E /* FriendListView.swift in Sources */,
				D05E65B428A067EE00A9FB6E /* WkWebViewExtension.swift in Sources */,
				D016FE08289BF1AD001DA065 /* VKClientApp.swift in Sources */,
				D05E65B628A06BE200A9FB6E /* CustomUrlError.swift in Sources */,
				D09FEE7A28A1B3150042B078 /* FriendApi.swift in Sources */,
				D09FEE7E28A1B79C0042B078 /* APIError.swift in Sources */,
				D09FEE8128A1BA6C0042B078 /* FriendMapper.swift in Sources */,
			);
			runOnlyForDeploymentPostprocessing = 0;
		};
/* End PBXSourcesBuildPhase section */

/* Begin XCBuildConfiguration section */
		D016FE10289BF1AE001DA065 /* Debug */ = {
			isa = XCBuildConfiguration;
			buildSettings = {
				ALWAYS_SEARCH_USER_PATHS = NO;
				CLANG_ANALYZER_NONNULL = YES;
				CLANG_ANALYZER_NUMBER_OBJECT_CONVERSION = YES_AGGRESSIVE;
				CLANG_CXX_LANGUAGE_STANDARD = "gnu++17";
				CLANG_CXX_LIBRARY = "libc++";
				CLANG_ENABLE_MODULES = YES;
				CLANG_ENABLE_OBJC_ARC = YES;
				CLANG_ENABLE_OBJC_WEAK = YES;
				CLANG_WARN_BLOCK_CAPTURE_AUTORELEASING = YES;
				CLANG_WARN_BOOL_CONVERSION = YES;
				CLANG_WARN_COMMA = YES;
				CLANG_WARN_CONSTANT_CONVERSION = YES;
				CLANG_WARN_DEPRECATED_OBJC_IMPLEMENTATIONS = YES;
				CLANG_WARN_DIRECT_OBJC_ISA_USAGE = YES_ERROR;
				CLANG_WARN_DOCUMENTATION_COMMENTS = YES;
				CLANG_WARN_EMPTY_BODY = YES;
				CLANG_WARN_ENUM_CONVERSION = YES;
				CLANG_WARN_INFINITE_RECURSION = YES;
				CLANG_WARN_INT_CONVERSION = YES;
				CLANG_WARN_NON_LITERAL_NULL_CONVERSION = YES;
				CLANG_WARN_OBJC_IMPLICIT_RETAIN_SELF = YES;
				CLANG_WARN_OBJC_LITERAL_CONVERSION = YES;
				CLANG_WARN_OBJC_ROOT_CLASS = YES_ERROR;
				CLANG_WARN_QUOTED_INCLUDE_IN_FRAMEWORK_HEADER = YES;
				CLANG_WARN_RANGE_LOOP_ANALYSIS = YES;
				CLANG_WARN_STRICT_PROTOTYPES = YES;
				CLANG_WARN_SUSPICIOUS_MOVE = YES;
				CLANG_WARN_UNGUARDED_AVAILABILITY = YES_AGGRESSIVE;
				CLANG_WARN_UNREACHABLE_CODE = YES;
				CLANG_WARN__DUPLICATE_METHOD_MATCH = YES;
				COPY_PHASE_STRIP = NO;
				DEBUG_INFORMATION_FORMAT = dwarf;
				ENABLE_STRICT_OBJC_MSGSEND = YES;
				ENABLE_TESTABILITY = YES;
				GCC_C_LANGUAGE_STANDARD = gnu11;
				GCC_DYNAMIC_NO_PIC = NO;
				GCC_NO_COMMON_BLOCKS = YES;
				GCC_OPTIMIZATION_LEVEL = 0;
				GCC_PREPROCESSOR_DEFINITIONS = (
					"DEBUG=1",
					"$(inherited)",
				);
				GCC_WARN_64_TO_32_BIT_CONVERSION = YES;
				GCC_WARN_ABOUT_RETURN_TYPE = YES_ERROR;
				GCC_WARN_UNDECLARED_SELECTOR = YES;
				GCC_WARN_UNINITIALIZED_AUTOS = YES_AGGRESSIVE;
				GCC_WARN_UNUSED_FUNCTION = YES;
				GCC_WARN_UNUSED_VARIABLE = YES;
				IPHONEOS_DEPLOYMENT_TARGET = 15.2;
				MTL_ENABLE_DEBUG_INFO = INCLUDE_SOURCE;
				MTL_FAST_MATH = YES;
				ONLY_ACTIVE_ARCH = YES;
				SDKROOT = iphoneos;
				SWIFT_ACTIVE_COMPILATION_CONDITIONS = DEBUG;
				SWIFT_OPTIMIZATION_LEVEL = "-Onone";
			};
			name = Debug;
		};
		D016FE11289BF1AE001DA065 /* Release */ = {
			isa = XCBuildConfiguration;
			buildSettings = {
				ALWAYS_SEARCH_USER_PATHS = NO;
				CLANG_ANALYZER_NONNULL = YES;
				CLANG_ANALYZER_NUMBER_OBJECT_CONVERSION = YES_AGGRESSIVE;
				CLANG_CXX_LANGUAGE_STANDARD = "gnu++17";
				CLANG_CXX_LIBRARY = "libc++";
				CLANG_ENABLE_MODULES = YES;
				CLANG_ENABLE_OBJC_ARC = YES;
				CLANG_ENABLE_OBJC_WEAK = YES;
				CLANG_WARN_BLOCK_CAPTURE_AUTORELEASING = YES;
				CLANG_WARN_BOOL_CONVERSION = YES;
				CLANG_WARN_COMMA = YES;
				CLANG_WARN_CONSTANT_CONVERSION = YES;
				CLANG_WARN_DEPRECATED_OBJC_IMPLEMENTATIONS = YES;
				CLANG_WARN_DIRECT_OBJC_ISA_USAGE = YES_ERROR;
				CLANG_WARN_DOCUMENTATION_COMMENTS = YES;
				CLANG_WARN_EMPTY_BODY = YES;
				CLANG_WARN_ENUM_CONVERSION = YES;
				CLANG_WARN_INFINITE_RECURSION = YES;
				CLANG_WARN_INT_CONVERSION = YES;
				CLANG_WARN_NON_LITERAL_NULL_CONVERSION = YES;
				CLANG_WARN_OBJC_IMPLICIT_RETAIN_SELF = YES;
				CLANG_WARN_OBJC_LITERAL_CONVERSION = YES;
				CLANG_WARN_OBJC_ROOT_CLASS = YES_ERROR;
				CLANG_WARN_QUOTED_INCLUDE_IN_FRAMEWORK_HEADER = YES;
				CLANG_WARN_RANGE_LOOP_ANALYSIS = YES;
				CLANG_WARN_STRICT_PROTOTYPES = YES;
				CLANG_WARN_SUSPICIOUS_MOVE = YES;
				CLANG_WARN_UNGUARDED_AVAILABILITY = YES_AGGRESSIVE;
				CLANG_WARN_UNREACHABLE_CODE = YES;
				CLANG_WARN__DUPLICATE_METHOD_MATCH = YES;
				COPY_PHASE_STRIP = NO;
				DEBUG_INFORMATION_FORMAT = "dwarf-with-dsym";
				ENABLE_NS_ASSERTIONS = NO;
				ENABLE_STRICT_OBJC_MSGSEND = YES;
				GCC_C_LANGUAGE_STANDARD = gnu11;
				GCC_NO_COMMON_BLOCKS = YES;
				GCC_WARN_64_TO_32_BIT_CONVERSION = YES;
				GCC_WARN_ABOUT_RETURN_TYPE = YES_ERROR;
				GCC_WARN_UNDECLARED_SELECTOR = YES;
				GCC_WARN_UNINITIALIZED_AUTOS = YES_AGGRESSIVE;
				GCC_WARN_UNUSED_FUNCTION = YES;
				GCC_WARN_UNUSED_VARIABLE = YES;
				IPHONEOS_DEPLOYMENT_TARGET = 15.2;
				MTL_ENABLE_DEBUG_INFO = NO;
				MTL_FAST_MATH = YES;
				SDKROOT = iphoneos;
				SWIFT_COMPILATION_MODE = wholemodule;
				SWIFT_OPTIMIZATION_LEVEL = "-O";
				VALIDATE_PRODUCT = YES;
			};
			name = Release;
		};
		D016FE13289BF1AE001DA065 /* Debug */ = {
			isa = XCBuildConfiguration;
			buildSettings = {
				ASSETCATALOG_COMPILER_APPICON_NAME = AppIcon;
				ASSETCATALOG_COMPILER_GLOBAL_ACCENT_COLOR_NAME = AccentColor;
				CODE_SIGN_STYLE = Automatic;
				CURRENT_PROJECT_VERSION = 1;
				DEVELOPMENT_ASSET_PATHS = "\"VKClient/Preview Content\"";
				ENABLE_PREVIEWS = YES;
				GENERATE_INFOPLIST_FILE = YES;
				INFOPLIST_KEY_UIApplicationSceneManifest_Generation = YES;
				INFOPLIST_KEY_UIApplicationSupportsIndirectInputEvents = YES;
				INFOPLIST_KEY_UILaunchScreen_Generation = YES;
				INFOPLIST_KEY_UISupportedInterfaceOrientations_iPad = "UIInterfaceOrientationPortrait UIInterfaceOrientationPortraitUpsideDown UIInterfaceOrientationLandscapeLeft UIInterfaceOrientationLandscapeRight";
				INFOPLIST_KEY_UISupportedInterfaceOrientations_iPhone = "UIInterfaceOrientationPortrait UIInterfaceOrientationLandscapeLeft UIInterfaceOrientationLandscapeRight";
				LD_RUNPATH_SEARCH_PATHS = (
					"$(inherited)",
					"@executable_path/Frameworks",
				);
				MARKETING_VERSION = 1.0;
				PRODUCT_BUNDLE_IDENTIFIER = dmitriq.VKClient;
				PRODUCT_NAME = "$(TARGET_NAME)";
				SWIFT_EMIT_LOC_STRINGS = YES;
				SWIFT_VERSION = 5.0;
				TARGETED_DEVICE_FAMILY = "1,2";
			};
			name = Debug;
		};
		D016FE14289BF1AE001DA065 /* Release */ = {
			isa = XCBuildConfiguration;
			buildSettings = {
				ASSETCATALOG_COMPILER_APPICON_NAME = AppIcon;
				ASSETCATALOG_COMPILER_GLOBAL_ACCENT_COLOR_NAME = AccentColor;
				CODE_SIGN_STYLE = Automatic;
				CURRENT_PROJECT_VERSION = 1;
				DEVELOPMENT_ASSET_PATHS = "\"VKClient/Preview Content\"";
				ENABLE_PREVIEWS = YES;
				GENERATE_INFOPLIST_FILE = YES;
				INFOPLIST_KEY_UIApplicationSceneManifest_Generation = YES;
				INFOPLIST_KEY_UIApplicationSupportsIndirectInputEvents = YES;
				INFOPLIST_KEY_UILaunchScreen_Generation = YES;
				INFOPLIST_KEY_UISupportedInterfaceOrientations_iPad = "UIInterfaceOrientationPortrait UIInterfaceOrientationPortraitUpsideDown UIInterfaceOrientationLandscapeLeft UIInterfaceOrientationLandscapeRight";
				INFOPLIST_KEY_UISupportedInterfaceOrientations_iPhone = "UIInterfaceOrientationPortrait UIInterfaceOrientationLandscapeLeft UIInterfaceOrientationLandscapeRight";
				LD_RUNPATH_SEARCH_PATHS = (
					"$(inherited)",
					"@executable_path/Frameworks",
				);
				MARKETING_VERSION = 1.0;
				PRODUCT_BUNDLE_IDENTIFIER = dmitriq.VKClient;
				PRODUCT_NAME = "$(TARGET_NAME)";
				SWIFT_EMIT_LOC_STRINGS = YES;
				SWIFT_VERSION = 5.0;
				TARGETED_DEVICE_FAMILY = "1,2";
			};
			name = Release;
		};
/* End XCBuildConfiguration section */

/* Begin XCConfigurationList section */
		D016FDFF289BF1AD001DA065 /* Build configuration list for PBXProject "VKClient" */ = {
			isa = XCConfigurationList;
			buildConfigurations = (
				D016FE10289BF1AE001DA065 /* Debug */,
				D016FE11289BF1AE001DA065 /* Release */,
			);
			defaultConfigurationIsVisible = 0;
			defaultConfigurationName = Release;
		};
		D016FE12289BF1AE001DA065 /* Build configuration list for PBXNativeTarget "VKClient" */ = {
			isa = XCConfigurationList;
			buildConfigurations = (
				D016FE13289BF1AE001DA065 /* Debug */,
				D016FE14289BF1AE001DA065 /* Release */,
			);
			defaultConfigurationIsVisible = 0;
			defaultConfigurationName = Release;
		};
/* End XCConfigurationList section */

/* Begin XCRemoteSwiftPackageReference section */
		D016FE1D289BF3E5001DA065 /* XCRemoteSwiftPackageReference "Moya" */ = {
			isa = XCRemoteSwiftPackageReference;
			repositoryURL = "https://github.com/Moya/Moya";
			requirement = {
				kind = exactVersion;
				version = 15.0.0;
			};
		};
		D016FE22289BF496001DA065 /* XCRemoteSwiftPackageReference "CombineExt" */ = {
			isa = XCRemoteSwiftPackageReference;
			repositoryURL = "https://github.com/CombineCommunity/CombineExt";
			requirement = {
				kind = exactVersion;
				version = 1.7.0;
			};
		};
/* End XCRemoteSwiftPackageReference section */

/* Begin XCSwiftPackageProductDependency section */
		D016FE1E289BF3E5001DA065 /* CombineMoya */ = {
			isa = XCSwiftPackageProductDependency;
			package = D016FE1D289BF3E5001DA065 /* XCRemoteSwiftPackageReference "Moya" */;
			productName = CombineMoya;
		};
		D016FE20289BF3E5001DA065 /* Moya */ = {
			isa = XCSwiftPackageProductDependency;
			package = D016FE1D289BF3E5001DA065 /* XCRemoteSwiftPackageReference "Moya" */;
			productName = Moya;
		};
		D016FE23289BF496001DA065 /* CombineExt */ = {
			isa = XCSwiftPackageProductDependency;
			package = D016FE22289BF496001DA065 /* XCRemoteSwiftPackageReference "CombineExt" */;
			productName = CombineExt;
		};
/* End XCSwiftPackageProductDependency section */
	};
	rootObject = D016FDFC289BF1AD001DA065 /* Project object */;
}
